
Microsoft Visual Studio Solution File, Format Version 12.00
# Visual Studio Version 16
VisualStudioVersion = 16.0.30717.126
MinimumVisualStudioVersion = 10.0.40219.1
Project("{FAE04EC0-301F-11D3-BF4B-00C04F79EFBC}") = "AuthorizationNalogPageTests", "AuthorizationNalogPageTests\AuthorizationNalogPageTests.csproj", "{E7A706D0-9F1B-4E43-B1B7-99403E0D463F}"
EndProject
Global
	GlobalSection(SolutionConfigurationPlatforms) = preSolution
		Debug|Any CPU = Debug|Any CPU
		Release|Any CPU = Release|Any CPU
	EndGlobalSection
	GlobalSection(ProjectConfigurationPlatforms) = postSolution
		{E7A706D0-9F1B-4E43-B1B7-99403E0D463F}.Debug|Any CPU.ActiveCfg = Debug|Any CPU
		{E7A706D0-9F1B-4E43-B1B7-99403E0D463F}.Debug|Any CPU.Build.0 = Debug|Any CPU
		{E7A706D0-9F1B-4E43-B1B7-99403E0D463F}.Release|Any CPU.ActiveCfg = Release|Any CPU
		{E7A706D0-9F1B-4E43-B1B7-99403E0D463F}.Release|Any CPU.Build.0 = Release|Any CPU
	EndGlobalSection
	GlobalSection(SolutionProperties) = preSolution
		HideSolutionNode = FALSE
	EndGlobalSection
	GlobalSection(ExtensibilityGlobals) = postSolution
		SolutionGuid = {7890EB31-F8D4-4005-9D40-B13CF14C157A}
	EndGlobalSection
EndGlobal
